
Microsoft Visual Studio Solution File, Format Version 12.00
# Visual Studio 15
VisualStudioVersion = 15.0.28010.2016
MinimumVisualStudioVersion = 10.0.40219.1
Project("{FAE04EC0-301F-11D3-BF4B-00C04F79EFBC}") = "miniV1.0", "miniV1.0\miniV1.0.csproj", "{4E559139-CFF1-48F1-9554-5D9FCBEA3EB9}"
EndProject
Global
	GlobalSection(SolutionConfigurationPlatforms) = preSolution
		Debug|Any CPU = Debug|Any CPU
		Release|Any CPU = Release|Any CPU
	EndGlobalSection
	GlobalSection(ProjectConfigurationPlatforms) = postSolution
		{4E559139-CFF1-48F1-9554-5D9FCBEA3EB9}.Debug|Any CPU.ActiveCfg = Debug|Any CPU
		{4E559139-CFF1-48F1-9554-5D9FCBEA3EB9}.Debug|Any CPU.Build.0 = Debug|Any CPU
		{4E559139-CFF1-48F1-9554-5D9FCBEA3EB9}.Release|Any CPU.ActiveCfg = Release|Any CPU
		{4E559139-CFF1-48F1-9554-5D9FCBEA3EB9}.Release|Any CPU.Build.0 = Release|Any CPU
	EndGlobalSection
	GlobalSection(SolutionProperties) = preSolution
		HideSolutionNode = FALSE
	EndGlobalSection
	GlobalSection(ExtensibilityGlobals) = postSolution
		SolutionGuid = {ED47DAFB-C5C2-4D65-BCAE-1C51F09644F7}
	EndGlobalSection
EndGlobal
